
Microsoft Visual Studio Solution File, Format Version 12.00
# Visual Studio 14
VisualStudioVersion = 14.0.23107.0
MinimumVisualStudioVersion = 10.0.40219.1
Project("{FAE04EC0-301F-11D3-BF4B-00C04F79EFBC}") = "ReadQRcode", "ReadQRcode\ReadQRcode.csproj", "{746D337D-C8A2-46F0-97C7-DDE02E5FBCC0}"
EndProject
Project("{54435603-DBB4-11D2-8724-00A0C9A8B90C}") = "Registro Tic", "Registro Tic\Registro Tic.vdproj", "{94561F03-674A-40A8-B0ED-4925A7C46A52}"
EndProject
Global
	GlobalSection(SolutionConfigurationPlatforms) = preSolution
		Debug|Any CPU = Debug|Any CPU
		Release|Any CPU = Release|Any CPU
	EndGlobalSection
	GlobalSection(ProjectConfigurationPlatforms) = postSolution
		{746D337D-C8A2-46F0-97C7-DDE02E5FBCC0}.Debug|Any CPU.ActiveCfg = Debug|Any CPU
		{746D337D-C8A2-46F0-97C7-DDE02E5FBCC0}.Debug|Any CPU.Build.0 = Debug|Any CPU
		{746D337D-C8A2-46F0-97C7-DDE02E5FBCC0}.Release|Any CPU.ActiveCfg = Release|Any CPU
		{746D337D-C8A2-46F0-97C7-DDE02E5FBCC0}.Release|Any CPU.Build.0 = Release|Any CPU
		{94561F03-674A-40A8-B0ED-4925A7C46A52}.Debug|Any CPU.ActiveCfg = Debug
		{94561F03-674A-40A8-B0ED-4925A7C46A52}.Release|Any CPU.ActiveCfg = Release
	EndGlobalSection
	GlobalSection(SolutionProperties) = preSolution
		HideSolutionNode = FALSE
	EndGlobalSection
EndGlobal
